
Microsoft Visual Studio Solution File, Format Version 12.00
# Visual Studio Version 16
VisualStudioVersion = 16.0.34031.81
MinimumVisualStudioVersion = 10.0.40219.1
Project("{FAE04EC0-301F-11D3-BF4B-00C04F79EFBC}") = "ProblemSolvingExample", "ProblemSolvingExample.csproj", "{8DB6679D-E223-4E0F-88FE-E44AD34BD0CC}"
EndProject
Global
	GlobalSection(SolutionConfigurationPlatforms) = preSolution
		Debug|Any CPU = Debug|Any CPU
		Release|Any CPU = Release|Any CPU
	EndGlobalSection
	GlobalSection(ProjectConfigurationPlatforms) = postSolution
		{8DB6679D-E223-4E0F-88FE-E44AD34BD0CC}.Debug|Any CPU.ActiveCfg = Debug|Any CPU
		{8DB6679D-E223-4E0F-88FE-E44AD34BD0CC}.Debug|Any CPU.Build.0 = Debug|Any CPU
		{8DB6679D-E223-4E0F-88FE-E44AD34BD0CC}.Release|Any CPU.ActiveCfg = Release|Any CPU
		{8DB6679D-E223-4E0F-88FE-E44AD34BD0CC}.Release|Any CPU.Build.0 = Release|Any CPU
	EndGlobalSection
	GlobalSection(SolutionProperties) = preSolution
		HideSolutionNode = FALSE
	EndGlobalSection
	GlobalSection(ExtensibilityGlobals) = postSolution
		SolutionGuid = {0A2B087A-2D62-4B64-BC94-9D20390446B0}
	EndGlobalSection
EndGlobal
